
Microsoft Visual Studio Solution File, Format Version 12.00
# Visual Studio Version 17
VisualStudioVersion = 17.7.34221.43
MinimumVisualStudioVersion = 10.0.40219.1
Project("{FAE04EC0-301F-11D3-BF4B-00C04F79EFBC}") = "SstockSNALYSRER", "SstockSNALYSRER.csproj", "{D466390F-A0EB-4304-BBFC-5417FF462FAA}"
EndProject
Global
	GlobalSection(SolutionConfigurationPlatforms) = preSolution
		Debug|Any CPU = Debug|Any CPU
		Release|Any CPU = Release|Any CPU
	EndGlobalSection
	GlobalSection(ProjectConfigurationPlatforms) = postSolution
		{D466390F-A0EB-4304-BBFC-5417FF462FAA}.Debug|Any CPU.ActiveCfg = Debug|Any CPU
		{D466390F-A0EB-4304-BBFC-5417FF462FAA}.Debug|Any CPU.Build.0 = Debug|Any CPU
		{D466390F-A0EB-4304-BBFC-5417FF462FAA}.Release|Any CPU.ActiveCfg = Release|Any CPU
		{D466390F-A0EB-4304-BBFC-5417FF462FAA}.Release|Any CPU.Build.0 = Release|Any CPU
	EndGlobalSection
	GlobalSection(SolutionProperties) = preSolution
		HideSolutionNode = FALSE
	EndGlobalSection
	GlobalSection(ExtensibilityGlobals) = postSolution
		SolutionGuid = {782DEDE5-F7FD-4226-8FCE-83E4B1547324}
	EndGlobalSection
EndGlobal
